
Microsoft Visual Studio Solution File, Format Version 12.00
# Visual Studio Version 17
VisualStudioVersion = 17.4.33205.214
MinimumVisualStudioVersion = 10.0.40219.1
Project("{9A19103F-16F7-4668-BE54-9A1E7A4F7556}") = "VSscraper", "VSscraper.csproj", "{EBC5145E-2AA2-45CF-A5C4-874304116FEF}"
EndProject
Global
	GlobalSection(SolutionConfigurationPlatforms) = preSolution
		Debug|Any CPU = Debug|Any CPU
		Release|Any CPU = Release|Any CPU
	EndGlobalSection
	GlobalSection(ProjectConfigurationPlatforms) = postSolution
		{EBC5145E-2AA2-45CF-A5C4-874304116FEF}.Debug|Any CPU.ActiveCfg = Debug|Any CPU
		{EBC5145E-2AA2-45CF-A5C4-874304116FEF}.Debug|Any CPU.Build.0 = Debug|Any CPU
		{EBC5145E-2AA2-45CF-A5C4-874304116FEF}.Release|Any CPU.ActiveCfg = Release|Any CPU
		{EBC5145E-2AA2-45CF-A5C4-874304116FEF}.Release|Any CPU.Build.0 = Release|Any CPU
	EndGlobalSection
	GlobalSection(SolutionProperties) = preSolution
		HideSolutionNode = FALSE
	EndGlobalSection
	GlobalSection(ExtensibilityGlobals) = postSolution
		SolutionGuid = {221008A1-16C4-4B8E-B883-963FF0BCDF95}
	EndGlobalSection
EndGlobal
